
Microsoft Visual Studio Solution File, Format Version 12.00
# Visual Studio 15
VisualStudioVersion = 15.0.26124.0
MinimumVisualStudioVersion = 15.0.26124.0
Project("{FAE04EC0-301F-11D3-BF4B-00C04F79EFBC}") = "GREhigh", "src\GREhigh\GREhigh.csproj", "{6E45794E-5CCE-464E-B073-52D58119FDC0}"
EndProject
Project("{FAE04EC0-301F-11D3-BF4B-00C04F79EFBC}") = "GREhigh.DomainBase", "src\GREhigh.DomainBase\GREhigh.DomainBase.csproj", "{FAB88AF6-8218-483B-AC56-6EEC121530B8}"
EndProject
Project("{FAE04EC0-301F-11D3-BF4B-00C04F79EFBC}") = "GREhigh.InfrastructureBase", "src\GREhigh.InfrastructureBase\GREhigh.InfrastructureBase.csproj", "{7F20BB6B-5263-44A0-BB34-ECC122981CBF}"
EndProject
Project("{FAE04EC0-301F-11D3-BF4B-00C04F79EFBC}") = "GREhigh.RoomStaffBase", "src\GREhigh.RoomStaffBase\GREhigh.RoomStaffBase.csproj", "{25C18BBE-B3CB-4970-8338-105FD0437538}"
EndProject
Project("{2150E333-8FDC-42A3-9474-1A3956D46DE8}") = "src", "src", "{489E25DB-86F2-420E-AED7-22FDF7B1800F}"
EndProject
Project("{FAE04EC0-301F-11D3-BF4B-00C04F79EFBC}") = "GREhigh.RoomRegistries", "src\GREhigh.RoomRegistries\GREhigh.RoomRegistries.csproj", "{E06CEF91-44FF-4E18-A4D3-A13FD2E35CBC}"
EndProject
Project("{FAE04EC0-301F-11D3-BF4B-00C04F79EFBC}") = "GREhigh.Utility", "src\GREhigh.Utility\GREhigh.Utility.csproj", "{D1D344F3-4128-4F7F-925C-845C7F2CC957}"
EndProject
Project("{2150E333-8FDC-42A3-9474-1A3956D46DE8}") = "examples", "examples", "{F7721196-1FBF-4CA7-A8B4-86FB7D9B9BC9}"
EndProject
Project("{FAE04EC0-301F-11D3-BF4B-00C04F79EFBC}") = "ConsoleSimpleExample", "examples\ConsoleSimpleExample\ConsoleSimpleExample.csproj", "{52C0C33B-E1B3-4F10-A810-EFF3666C4538}"
EndProject
Global
	GlobalSection(SolutionConfigurationPlatforms) = preSolution
		Debug|Any CPU = Debug|Any CPU
		Debug|x64 = Debug|x64
		Debug|x86 = Debug|x86
		Release|Any CPU = Release|Any CPU
		Release|x64 = Release|x64
		Release|x86 = Release|x86
	EndGlobalSection
	GlobalSection(SolutionProperties) = preSolution
		HideSolutionNode = FALSE
	EndGlobalSection
	GlobalSection(ProjectConfigurationPlatforms) = postSolution
		{6E45794E-5CCE-464E-B073-52D58119FDC0}.Debug|Any CPU.ActiveCfg = Debug|Any CPU
		{6E45794E-5CCE-464E-B073-52D58119FDC0}.Debug|Any CPU.Build.0 = Debug|Any CPU
		{6E45794E-5CCE-464E-B073-52D58119FDC0}.Debug|x64.ActiveCfg = Debug|Any CPU
		{6E45794E-5CCE-464E-B073-52D58119FDC0}.Debug|x64.Build.0 = Debug|Any CPU
		{6E45794E-5CCE-464E-B073-52D58119FDC0}.Debug|x86.ActiveCfg = Debug|Any CPU
		{6E45794E-5CCE-464E-B073-52D58119FDC0}.Debug|x86.Build.0 = Debug|Any CPU
		{6E45794E-5CCE-464E-B073-52D58119FDC0}.Release|Any CPU.ActiveCfg = Release|Any CPU
		{6E45794E-5CCE-464E-B073-52D58119FDC0}.Release|Any CPU.Build.0 = Release|Any CPU
		{6E45794E-5CCE-464E-B073-52D58119FDC0}.Release|x64.ActiveCfg = Release|Any CPU
		{6E45794E-5CCE-464E-B073-52D58119FDC0}.Release|x64.Build.0 = Release|Any CPU
		{6E45794E-5CCE-464E-B073-52D58119FDC0}.Release|x86.ActiveCfg = Release|Any CPU
		{6E45794E-5CCE-464E-B073-52D58119FDC0}.Release|x86.Build.0 = Release|Any CPU
		{FAB88AF6-8218-483B-AC56-6EEC121530B8}.Debug|Any CPU.ActiveCfg = Debug|Any CPU
		{FAB88AF6-8218-483B-AC56-6EEC121530B8}.Debug|Any CPU.Build.0 = Debug|Any CPU
		{FAB88AF6-8218-483B-AC56-6EEC121530B8}.Debug|x64.ActiveCfg = Debug|Any CPU
		{FAB88AF6-8218-483B-AC56-6EEC121530B8}.Debug|x64.Build.0 = Debug|Any CPU
		{FAB88AF6-8218-483B-AC56-6EEC121530B8}.Debug|x86.ActiveCfg = Debug|Any CPU
		{FAB88AF6-8218-483B-AC56-6EEC121530B8}.Debug|x86.Build.0 = Debug|Any CPU
		{FAB88AF6-8218-483B-AC56-6EEC121530B8}.Release|Any CPU.ActiveCfg = Release|Any CPU
		{FAB88AF6-8218-483B-AC56-6EEC121530B8}.Release|Any CPU.Build.0 = Release|Any CPU
		{FAB88AF6-8218-483B-AC56-6EEC121530B8}.Release|x64.ActiveCfg = Release|Any CPU
		{FAB88AF6-8218-483B-AC56-6EEC121530B8}.Release|x64.Build.0 = Release|Any CPU
		{FAB88AF6-8218-483B-AC56-6EEC121530B8}.Release|x86.ActiveCfg = Release|Any CPU
		{FAB88AF6-8218-483B-AC56-6EEC121530B8}.Release|x86.Build.0 = Release|Any CPU
		{7F20BB6B-5263-44A0-BB34-ECC122981CBF}.Debug|Any CPU.ActiveCfg = Debug|Any CPU
		{7F20BB6B-5263-44A0-BB34-ECC122981CBF}.Debug|Any CPU.Build.0 = Debug|Any CPU
		{7F20BB6B-5263-44A0-BB34-ECC122981CBF}.Debug|x64.ActiveCfg = Debug|Any CPU
		{7F20BB6B-5263-44A0-BB34-ECC122981CBF}.Debug|x64.Build.0 = Debug|Any CPU
		{7F20BB6B-5263-44A0-BB34-ECC122981CBF}.Debug|x86.ActiveCfg = Debug|Any CPU
		{7F20BB6B-5263-44A0-BB34-ECC122981CBF}.Debug|x86.Build.0 = Debug|Any CPU
		{7F20BB6B-5263-44A0-BB34-ECC122981CBF}.Release|Any CPU.ActiveCfg = Release|Any CPU
		{7F20BB6B-5263-44A0-BB34-ECC122981CBF}.Release|Any CPU.Build.0 = Release|Any CPU
		{7F20BB6B-5263-44A0-BB34-ECC122981CBF}.Release|x64.ActiveCfg = Release|Any CPU
		{7F20BB6B-5263-44A0-BB34-ECC122981CBF}.Release|x64.Build.0 = Release|Any CPU
		{7F20BB6B-5263-44A0-BB34-ECC122981CBF}.Release|x86.ActiveCfg = Release|Any CPU
		{7F20BB6B-5263-44A0-BB34-ECC122981CBF}.Release|x86.Build.0 = Release|Any CPU
		{25C18BBE-B3CB-4970-8338-105FD0437538}.Debug|Any CPU.ActiveCfg = Debug|Any CPU
		{25C18BBE-B3CB-4970-8338-105FD0437538}.Debug|Any CPU.Build.0 = Debug|Any CPU
		{25C18BBE-B3CB-4970-8338-105FD0437538}.Debug|x64.ActiveCfg = Debug|Any CPU
		{25C18BBE-B3CB-4970-8338-105FD0437538}.Debug|x64.Build.0 = Debug|Any CPU
		{25C18BBE-B3CB-4970-8338-105FD0437538}.Debug|x86.ActiveCfg = Debug|Any CPU
		{25C18BBE-B3CB-4970-8338-105FD0437538}.Debug|x86.Build.0 = Debug|Any CPU
		{25C18BBE-B3CB-4970-8338-105FD0437538}.Release|Any CPU.ActiveCfg = Release|Any CPU
		{25C18BBE-B3CB-4970-8338-105FD0437538}.Release|Any CPU.Build.0 = Release|Any CPU
		{25C18BBE-B3CB-4970-8338-105FD0437538}.Release|x64.ActiveCfg = Release|Any CPU
		{25C18BBE-B3CB-4970-8338-105FD0437538}.Release|x64.Build.0 = Release|Any CPU
		{25C18BBE-B3CB-4970-8338-105FD0437538}.Release|x86.ActiveCfg = Release|Any CPU
		{25C18BBE-B3CB-4970-8338-105FD0437538}.Release|x86.Build.0 = Release|Any CPU
		{E06CEF91-44FF-4E18-A4D3-A13FD2E35CBC}.Debug|Any CPU.ActiveCfg = Debug|Any CPU
		{E06CEF91-44FF-4E18-A4D3-A13FD2E35CBC}.Debug|Any CPU.Build.0 = Debug|Any CPU
		{E06CEF91-44FF-4E18-A4D3-A13FD2E35CBC}.Debug|x64.ActiveCfg = Debug|Any CPU
		{E06CEF91-44FF-4E18-A4D3-A13FD2E35CBC}.Debug|x64.Build.0 = Debug|Any CPU
		{E06CEF91-44FF-4E18-A4D3-A13FD2E35CBC}.Debug|x86.ActiveCfg = Debug|Any CPU
		{E06CEF91-44FF-4E18-A4D3-A13FD2E35CBC}.Debug|x86.Build.0 = Debug|Any CPU
		{E06CEF91-44FF-4E18-A4D3-A13FD2E35CBC}.Release|Any CPU.ActiveCfg = Release|Any CPU
		{E06CEF91-44FF-4E18-A4D3-A13FD2E35CBC}.Release|Any CPU.Build.0 = Release|Any CPU
		{E06CEF91-44FF-4E18-A4D3-A13FD2E35CBC}.Release|x64.ActiveCfg = Release|Any CPU
		{E06CEF91-44FF-4E18-A4D3-A13FD2E35CBC}.Release|x64.Build.0 = Release|Any CPU
		{E06CEF91-44FF-4E18-A4D3-A13FD2E35CBC}.Release|x86.ActiveCfg = Release|Any CPU
		{E06CEF91-44FF-4E18-A4D3-A13FD2E35CBC}.Release|x86.Build.0 = Release|Any CPU
		{D1D344F3-4128-4F7F-925C-845C7F2CC957}.Debug|Any CPU.ActiveCfg = Debug|Any CPU
		{D1D344F3-4128-4F7F-925C-845C7F2CC957}.Debug|Any CPU.Build.0 = Debug|Any CPU
		{D1D344F3-4128-4F7F-925C-845C7F2CC957}.Debug|x64.ActiveCfg = Debug|Any CPU
		{D1D344F3-4128-4F7F-925C-845C7F2CC957}.Debug|x64.Build.0 = Debug|Any CPU
		{D1D344F3-4128-4F7F-925C-845C7F2CC957}.Debug|x86.ActiveCfg = Debug|Any CPU
		{D1D344F3-4128-4F7F-925C-845C7F2CC957}.Debug|x86.Build.0 = Debug|Any CPU
		{D1D344F3-4128-4F7F-925C-845C7F2CC957}.Release|Any CPU.ActiveCfg = Release|Any CPU
		{D1D344F3-4128-4F7F-925C-845C7F2CC957}.Release|Any CPU.Build.0 = Release|Any CPU
		{D1D344F3-4128-4F7F-925C-845C7F2CC957}.Release|x64.ActiveCfg = Release|Any CPU
		{D1D344F3-4128-4F7F-925C-845C7F2CC957}.Release|x64.Build.0 = Release|Any CPU
		{D1D344F3-4128-4F7F-925C-845C7F2CC957}.Release|x86.ActiveCfg = Release|Any CPU
		{D1D344F3-4128-4F7F-925C-845C7F2CC957}.Release|x86.Build.0 = Release|Any CPU
		{52C0C33B-E1B3-4F10-A810-EFF3666C4538}.Debug|Any CPU.ActiveCfg = Debug|Any CPU
		{52C0C33B-E1B3-4F10-A810-EFF3666C4538}.Debug|Any CPU.Build.0 = Debug|Any CPU
		{52C0C33B-E1B3-4F10-A810-EFF3666C4538}.Debug|x64.ActiveCfg = Debug|Any CPU
		{52C0C33B-E1B3-4F10-A810-EFF3666C4538}.Debug|x64.Build.0 = Debug|Any CPU
		{52C0C33B-E1B3-4F10-A810-EFF3666C4538}.Debug|x86.ActiveCfg = Debug|Any CPU
		{52C0C33B-E1B3-4F10-A810-EFF3666C4538}.Debug|x86.Build.0 = Debug|Any CPU
		{52C0C33B-E1B3-4F10-A810-EFF3666C4538}.Release|Any CPU.ActiveCfg = Release|Any CPU
		{52C0C33B-E1B3-4F10-A810-EFF3666C4538}.Release|Any CPU.Build.0 = Release|Any CPU
		{52C0C33B-E1B3-4F10-A810-EFF3666C4538}.Release|x64.ActiveCfg = Release|Any CPU
		{52C0C33B-E1B3-4F10-A810-EFF3666C4538}.Release|x64.Build.0 = Release|Any CPU
		{52C0C33B-E1B3-4F10-A810-EFF3666C4538}.Release|x86.ActiveCfg = Release|Any CPU
		{52C0C33B-E1B3-4F10-A810-EFF3666C4538}.Release|x86.Build.0 = Release|Any CPU
	EndGlobalSection
	GlobalSection(NestedProjects) = preSolution
		{6E45794E-5CCE-464E-B073-52D58119FDC0} = {9491AB68-EE45-40FA-BAA6-7BED0C59207D}
		{FAB88AF6-8218-483B-AC56-6EEC121530B8} = {9491AB68-EE45-40FA-BAA6-7BED0C59207D}
		{7F20BB6B-5263-44A0-BB34-ECC122981CBF} = {9491AB68-EE45-40FA-BAA6-7BED0C59207D}
		{25C18BBE-B3CB-4970-8338-105FD0437538} = {9491AB68-EE45-40FA-BAA6-7BED0C59207D}
		{E06CEF91-44FF-4E18-A4D3-A13FD2E35CBC} = {489E25DB-86F2-420E-AED7-22FDF7B1800F}
		{D1D344F3-4128-4F7F-925C-845C7F2CC957} = {489E25DB-86F2-420E-AED7-22FDF7B1800F}
		{52C0C33B-E1B3-4F10-A810-EFF3666C4538} = {F7721196-1FBF-4CA7-A8B4-86FB7D9B9BC9}
	EndGlobalSection
EndGlobal
